
Microsoft Visual Studio Solution File, Format Version 12.00
# Visual Studio 2017
Project("{FAE04EC0-301F-11D3-BF4B-00C04F79EFBC}") = "Move a Circle", "Move a Circle.csproj", "{8F9F52B5-C9E6-6B29-4E00-4B990390930C}"
EndProject
Global
	GlobalSection(SolutionConfigurationPlatforms) = preSolution
		Debug|Any CPU = Debug|Any CPU
		Release|Any CPU = Release|Any CPU
	EndGlobalSection
	GlobalSection(ProjectConfigurationPlatforms) = postSolution
		{8F9F52B5-C9E6-6B29-4E00-4B990390930C}.Debug|Any CPU.ActiveCfg = Debug|Any CPU
		{8F9F52B5-C9E6-6B29-4E00-4B990390930C}.Debug|Any CPU.Build.0 = Debug|Any CPU
		{8F9F52B5-C9E6-6B29-4E00-4B990390930C}.Release|Any CPU.ActiveCfg = Release|Any CPU
		{8F9F52B5-C9E6-6B29-4E00-4B990390930C}.Release|Any CPU.Build.0 = Release|Any CPU
	EndGlobalSection
	GlobalSection(SolutionProperties) = preSolution
		HideSolutionNode = FALSE
	EndGlobalSection
EndGlobal
